
Microsoft Visual Studio Solution File, Format Version 12.00
# Visual Studio 14
VisualStudioVersion = 14.0.24720.0
MinimumVisualStudioVersion = 10.0.40219.1
Project("{FAE04EC0-301F-11D3-BF4B-00C04F79EFBC}") = "GoogleMapsGeocoding", "GoogleMapsGeocoding\GoogleMapsGeocoding.csproj", "{58777FD2-3A24-4CD3-A000-6848C7A6E516}"
EndProject
Project("{FAE04EC0-301F-11D3-BF4B-00C04F79EFBC}") = "GoogleMapsGeocoding.Portable", "GoogleMapsGeocoding.Portable\GoogleMapsGeocoding.Portable.csproj", "{13DB2989-B612-456A-8E60-31EB573CA752}"
EndProject
Project("{FAE04EC0-301F-11D3-BF4B-00C04F79EFBC}") = "GoogleMapsGeocoding.Sample", "GoogleMapsGeocoding.Sample\GoogleMapsGeocoding.Sample.csproj", "{B25518E7-5244-47E0-9939-621C16DF7F16}"
EndProject
Project("{2150E333-8FDC-42A3-9474-1A3956D46DE8}") = "Nuget", "Nuget", "{2D6B3689-65D6-49DD-9694-8788794F5697}"
	ProjectSection(SolutionItems) = preProject
		GoogleMapsGeocoding.Portable.nuspec = GoogleMapsGeocoding.Portable.nuspec
	EndProjectSection
EndProject
Global
	GlobalSection(SolutionConfigurationPlatforms) = preSolution
		Debug|Any CPU = Debug|Any CPU
		Release|Any CPU = Release|Any CPU
	EndGlobalSection
	GlobalSection(ProjectConfigurationPlatforms) = postSolution
		{58777FD2-3A24-4CD3-A000-6848C7A6E516}.Debug|Any CPU.ActiveCfg = Debug|Any CPU
		{58777FD2-3A24-4CD3-A000-6848C7A6E516}.Debug|Any CPU.Build.0 = Debug|Any CPU
		{58777FD2-3A24-4CD3-A000-6848C7A6E516}.Release|Any CPU.ActiveCfg = Release|Any CPU
		{58777FD2-3A24-4CD3-A000-6848C7A6E516}.Release|Any CPU.Build.0 = Release|Any CPU
		{13DB2989-B612-456A-8E60-31EB573CA752}.Debug|Any CPU.ActiveCfg = Debug|Any CPU
		{13DB2989-B612-456A-8E60-31EB573CA752}.Debug|Any CPU.Build.0 = Debug|Any CPU
		{13DB2989-B612-456A-8E60-31EB573CA752}.Release|Any CPU.ActiveCfg = Release|Any CPU
		{13DB2989-B612-456A-8E60-31EB573CA752}.Release|Any CPU.Build.0 = Release|Any CPU
		{B25518E7-5244-47E0-9939-621C16DF7F16}.Debug|Any CPU.ActiveCfg = Debug|Any CPU
		{B25518E7-5244-47E0-9939-621C16DF7F16}.Debug|Any CPU.Build.0 = Debug|Any CPU
		{B25518E7-5244-47E0-9939-621C16DF7F16}.Release|Any CPU.ActiveCfg = Release|Any CPU
		{B25518E7-5244-47E0-9939-621C16DF7F16}.Release|Any CPU.Build.0 = Release|Any CPU
	EndGlobalSection
	GlobalSection(SolutionProperties) = preSolution
		HideSolutionNode = FALSE
	EndGlobalSection
EndGlobal
